
Microsoft Visual Studio Solution File, Format Version 12.00
# Visual Studio Version 17
VisualStudioVersion = 17.8.34408.163
MinimumVisualStudioVersion = 10.0.40219.1
Project("{FAE04EC0-301F-11D3-BF4B-00C04F79EFBC}") = "trident_launcher", "trident_launcher\trident_launcher.csproj", "{F9C485DD-A10A-4EDB-943C-83D5B1B9FC01}"
EndProject
Global
	GlobalSection(SolutionConfigurationPlatforms) = preSolution
		Debug|Any CPU = Debug|Any CPU
		Release|Any CPU = Release|Any CPU
	EndGlobalSection
	GlobalSection(ProjectConfigurationPlatforms) = postSolution
		{F9C485DD-A10A-4EDB-943C-83D5B1B9FC01}.Debug|Any CPU.ActiveCfg = Debug|Any CPU
		{F9C485DD-A10A-4EDB-943C-83D5B1B9FC01}.Debug|Any CPU.Build.0 = Debug|Any CPU
		{F9C485DD-A10A-4EDB-943C-83D5B1B9FC01}.Release|Any CPU.ActiveCfg = Release|Any CPU
		{F9C485DD-A10A-4EDB-943C-83D5B1B9FC01}.Release|Any CPU.Build.0 = Release|Any CPU
	EndGlobalSection
	GlobalSection(SolutionProperties) = preSolution
		HideSolutionNode = FALSE
	EndGlobalSection
	GlobalSection(ExtensibilityGlobals) = postSolution
		SolutionGuid = {A0C5CB37-A955-4707-9A6D-BB335FBEE1DC}
	EndGlobalSection
EndGlobal
